
Microsoft Visual Studio Solution File, Format Version 12.00
# Visual Studio Version 17
VisualStudioVersion = 17.14.36616.10 d17.14
MinimumVisualStudioVersion = 10.0.40219.1
Project("{FAE04EC0-301F-11D3-BF4B-00C04F79EFBC}") = "Unity.Timeline", "Unity.Timeline.csproj", "{8BDA89B8-47CE-51CC-606F-7E2FD33932E9}"
EndProject
Project("{FAE04EC0-301F-11D3-BF4B-00C04F79EFBC}") = "Unity.RenderPipelines.GPUDriven.Runtime", "Unity.RenderPipelines.GPUDriven.Runtime.csproj", "{76385FBA-81CE-04A2-A65C-36179D656315}"
EndProject
Project("{FAE04EC0-301F-11D3-BF4B-00C04F79EFBC}") = "Unity.PlasticSCM.Editor", "Unity.PlasticSCM.Editor.csproj", "{A311F2D9-9779-C9CF-E488-3343019FCECA}"
EndProject
Project("{FAE04EC0-301F-11D3-BF4B-00C04F79EFBC}") = "Unity.2D.Aseprite.Editor", "Unity.2D.Aseprite.Editor.csproj", "{48114C28-A983-DDD2-BA19-8133010B683D}"
EndProject
Project("{FAE04EC0-301F-11D3-BF4B-00C04F79EFBC}") = "Unity.ShaderGraph.Editor", "Unity.ShaderGraph.Editor.csproj", "{BC1011C2-E0D5-5FF2-AA02-A868F44703A7}"
EndProject
Project("{FAE04EC0-301F-11D3-BF4B-00C04F79EFBC}") = "Unity.RenderPipelines.Core.Runtime", "Unity.RenderPipelines.Core.Runtime.csproj", "{35122BC6-238F-9BB3-BA3B-AEDDC92935C2}"
EndProject
Project("{FAE04EC0-301F-11D3-BF4B-00C04F79EFBC}") = "Unity.Mathematics", "Unity.Mathematics.csproj", "{4BB8ECE9-B24B-70B2-7EC3-C6689A1515FF}"
EndProject
Project("{FAE04EC0-301F-11D3-BF4B-00C04F79EFBC}") = "Unity.Timeline.Editor", "Unity.Timeline.Editor.csproj", "{673AD625-D68E-848C-7D56-B51E0A85DB0A}"
EndProject
Project("{FAE04EC0-301F-11D3-BF4B-00C04F79EFBC}") = "Unity.Multiplayer.Center.Editor", "Unity.Multiplayer.Center.Editor.csproj", "{11ABF60B-584C-3753-9897-6D0207018149}"
EndProject
Project("{FAE04EC0-301F-11D3-BF4B-00C04F79EFBC}") = "Unity.RenderPipelines.Core.Editor", "Unity.RenderPipelines.Core.Editor.csproj", "{962B93D9-F702-CC34-6F11-2CC1374753A0}"
EndProject
Project("{FAE04EC0-301F-11D3-BF4B-00C04F79EFBC}") = "Unity.2D.Psdimporter.Editor", "Unity.2D.Psdimporter.Editor.csproj", "{E51DD8AA-E09F-2BB0-972B-FDA653211DE3}"
EndProject
Project("{FAE04EC0-301F-11D3-BF4B-00C04F79EFBC}") = "UnityEngine.UI", "UnityEngine.UI.csproj", "{9750AF81-4DFC-00E6-76B6-51BC13A22D80}"
EndProject
Project("{FAE04EC0-301F-11D3-BF4B-00C04F79EFBC}") = "Unity.2D.IK.Runtime", "Unity.2D.IK.Runtime.csproj", "{36089B95-4F2E-F71F-5614-972786651605}"
EndProject
Project("{FAE04EC0-301F-11D3-BF4B-00C04F79EFBC}") = "Unity.RenderPipelines.Universal.2D.Runtime", "Unity.RenderPipelines.Universal.2D.Runtime.csproj", "{DF3CFF5D-0E26-1A44-E8AE-73C4CECFB3FD}"
EndProject
Project("{FAE04EC0-301F-11D3-BF4B-00C04F79EFBC}") = "Unity.Collections", "Unity.Collections.csproj", "{50FB50BB-DBA9-BE4F-938D-3EC417EFA755}"
EndProject
Project("{FAE04EC0-301F-11D3-BF4B-00C04F79EFBC}") = "Unity.VisualScripting.Core.Editor", "Unity.VisualScripting.Core.Editor.csproj", "{7FB800CB-B46B-28B0-C06B-8569524D9121}"
EndProject
Project("{FAE04EC0-301F-11D3-BF4B-00C04F79EFBC}") = "Unity.RenderPipelines.Universal.Editor", "Unity.RenderPipelines.Universal.Editor.csproj", "{ED1AC6F7-CBEC-97D0-3027-6B8CF0763AAC}"
EndProject
Project("{FAE04EC0-301F-11D3-BF4B-00C04F79EFBC}") = "Unity.PerformanceTesting.Editor", "Unity.PerformanceTesting.Editor.csproj", "{ECE52C1F-6F86-2CB3-70C4-EB93572D1E38}"
EndProject
Project("{FAE04EC0-301F-11D3-BF4B-00C04F79EFBC}") = "UnityEngine.TestRunner", "UnityEngine.TestRunner.csproj", "{F153774F-68D2-5AC2-17E9-1FE05B08579C}"
EndProject
Project("{FAE04EC0-301F-11D3-BF4B-00C04F79EFBC}") = "Unity.2D.Tilemap.Editor", "Unity.2D.Tilemap.Editor.csproj", "{0B81B066-DD68-6D83-4653-A7B905E0E131}"
EndProject
Project("{FAE04EC0-301F-11D3-BF4B-00C04F79EFBC}") = "Unity.Burst", "Unity.Burst.csproj", "{D4802278-47DC-509B-A3C8-B003D6CD1747}"
EndProject
Project("{FAE04EC0-301F-11D3-BF4B-00C04F79EFBC}") = "Unity.VisualScripting.Flow.Editor", "Unity.VisualScripting.Flow.Editor.csproj", "{BCC7F405-258A-1E7B-8893-AA5F5E0345D6}"
EndProject
Project("{FAE04EC0-301F-11D3-BF4B-00C04F79EFBC}") = "Unity.2D.SpriteShape.Editor", "Unity.2D.SpriteShape.Editor.csproj", "{91381858-FE41-3CB2-7AB0-33C5288778E0}"
EndProject
Project("{FAE04EC0-301F-11D3-BF4B-00C04F79EFBC}") = "Unity.VisualStudio.Editor", "Unity.VisualStudio.Editor.csproj", "{038FB087-F008-8ADA-FB36-97AE05D8D778}"
EndProject
Project("{FAE04EC0-301F-11D3-BF4B-00C04F79EFBC}") = "Unity.InputSystem", "Unity.InputSystem.csproj", "{99920B32-5E83-1F12-74C9-6413F3BD806E}"
EndProject
Project("{FAE04EC0-301F-11D3-BF4B-00C04F79EFBC}") = "PPv2URPConverters", "PPv2URPConverters.csproj", "{3BD1088B-2319-0407-147D-98EE7F7E93A7}"
EndProject
Project("{FAE04EC0-301F-11D3-BF4B-00C04F79EFBC}") = "Unity.2D.Animation.Editor", "Unity.2D.Animation.Editor.csproj", "{DA224E78-A20D-3BCB-00AD-504EBE29C0A7}"
EndProject
Project("{FAE04EC0-301F-11D3-BF4B-00C04F79EFBC}") = "Unity.Searcher.Editor", "Unity.Searcher.Editor.csproj", "{341FCA1E-75A4-1A5D-147B-6639C8A9277C}"
EndProject
Project("{FAE04EC0-301F-11D3-BF4B-00C04F79EFBC}") = "Unity.2D.SpriteShape.Runtime", "Unity.2D.SpriteShape.Runtime.csproj", "{7366F5C4-3024-8A11-9136-D8BA964B4C64}"
EndProject
Project("{FAE04EC0-301F-11D3-BF4B-00C04F79EFBC}") = "UnityEditor.TestRunner", "UnityEditor.TestRunner.csproj", "{4FF33E3C-D195-FA67-B66D-74A29E174409}"
EndProject
Project("{FAE04EC0-301F-11D3-BF4B-00C04F79EFBC}") = "Unity.VisualScripting.Core", "Unity.VisualScripting.Core.csproj", "{DD9D1DC9-40D9-477A-88CB-32BC29A3E2EA}"
EndProject
Project("{FAE04EC0-301F-11D3-BF4B-00C04F79EFBC}") = "Unity.RenderPipelines.Universal.Runtime", "Unity.RenderPipelines.Universal.Runtime.csproj", "{7A5159C4-CB98-2A01-E117-3FE80F627CA6}"
EndProject
Project("{FAE04EC0-301F-11D3-BF4B-00C04F79EFBC}") = "Unity.VisualScripting.State.Editor", "Unity.VisualScripting.State.Editor.csproj", "{1C7DA2CB-8BD3-7734-28C6-2B9592B47D58}"
EndProject
Project("{FAE04EC0-301F-11D3-BF4B-00C04F79EFBC}") = "Unity.Burst.CodeGen", "Unity.Burst.CodeGen.csproj", "{E359C497-37DB-10AD-3AF7-AD46FE9EF318}"
EndProject
Project("{FAE04EC0-301F-11D3-BF4B-00C04F79EFBC}") = "Unity.VisualScripting.Flow", "Unity.VisualScripting.Flow.csproj", "{0407D1F0-3826-3700-F9DE-100465E06180}"
EndProject
Project("{FAE04EC0-301F-11D3-BF4B-00C04F79EFBC}") = "Unity.PerformanceTesting", "Unity.PerformanceTesting.csproj", "{094CF764-D814-173B-E634-A812A5383844}"
EndProject
Project("{FAE04EC0-301F-11D3-BF4B-00C04F79EFBC}") = "Unity.2D.Tilemap.Extras.Editor", "Unity.2D.Tilemap.Extras.Editor.csproj", "{3D92E9B9-9272-EA38-7663-A6EE45B80C98}"
EndProject
Project("{FAE04EC0-301F-11D3-BF4B-00C04F79EFBC}") = "Unity.TextMeshPro", "Unity.TextMeshPro.csproj", "{70D9CFEB-5BB8-DE80-BCD0-43087E80F1B0}"
EndProject
Project("{FAE04EC0-301F-11D3-BF4B-00C04F79EFBC}") = "Unity.TextMeshPro.Editor", "Unity.TextMeshPro.Editor.csproj", "{25F932AC-7997-2504-999A-97F629647D66}"
EndProject
Project("{FAE04EC0-301F-11D3-BF4B-00C04F79EFBC}") = "Unity.Rendering.LightTransport.Runtime", "Unity.Rendering.LightTransport.Runtime.csproj", "{57E87165-A9A6-674C-8F28-ABD76F034AB8}"
EndProject
Project("{FAE04EC0-301F-11D3-BF4B-00C04F79EFBC}") = "PsdPlugin", "PsdPlugin.csproj", "{B3DAABED-3197-D012-9F37-250C2F0BFF73}"
EndProject
Project("{FAE04EC0-301F-11D3-BF4B-00C04F79EFBC}") = "Unity.2D.IK.Editor", "Unity.2D.IK.Editor.csproj", "{134FDD45-88D7-772D-0485-E0C855394FCF}"
EndProject
Project("{FAE04EC0-301F-11D3-BF4B-00C04F79EFBC}") = "Unity.InternalAPIEngineBridge.001", "Unity.InternalAPIEngineBridge.001.csproj", "{D94D425F-FCE8-ACDC-98D7-5C0E7276D45E}"
EndProject
Project("{FAE04EC0-301F-11D3-BF4B-00C04F79EFBC}") = "Unity.2D.Aseprite.Common", "Unity.2D.Aseprite.Common.csproj", "{8A658E92-E5C1-AFCC-C9F8-E4D30DA1BD74}"
EndProject
Project("{FAE04EC0-301F-11D3-BF4B-00C04F79EFBC}") = "Unity.Burst.Editor", "Unity.Burst.Editor.csproj", "{F222FCD0-5A79-FF38-EB5E-D92C45CEF095}"
EndProject
Project("{FAE04EC0-301F-11D3-BF4B-00C04F79EFBC}") = "Unity.2D.Common.Path.Editor", "Unity.2D.Common.Path.Editor.csproj", "{917C503A-90BA-24C2-DAB3-8E1C5E7F4C55}"
EndProject
Project("{FAE04EC0-301F-11D3-BF4B-00C04F79EFBC}") = "Unity.2D.Common.Editor", "Unity.2D.Common.Editor.csproj", "{63C2A291-9ECD-3822-BDF3-1F75D6793686}"
EndProject
Project("{FAE04EC0-301F-11D3-BF4B-00C04F79EFBC}") = "Unity.Rider.Editor", "Unity.Rider.Editor.csproj", "{3570ECEF-0E5D-8DD2-F84D-51608326CD55}"
EndProject
Project("{FAE04EC0-301F-11D3-BF4B-00C04F79EFBC}") = "Unity.VisualScripting.State", "Unity.VisualScripting.State.csproj", "{4C4D49A6-3D06-C382-7F94-05D5B626E7CF}"
EndProject
Project("{FAE04EC0-301F-11D3-BF4B-00C04F79EFBC}") = "Unity.InternalAPIEditorBridge.001", "Unity.InternalAPIEditorBridge.001.csproj", "{7F40B5A0-9292-708A-60FD-739A7E822729}"
EndProject
Project("{FAE04EC0-301F-11D3-BF4B-00C04F79EFBC}") = "UnityEditor.UI", "UnityEditor.UI.csproj", "{E5A825DF-2076-BA2B-FD0A-0521E6EA6C1F}"
EndProject
Project("{FAE04EC0-301F-11D3-BF4B-00C04F79EFBC}") = "Unity.2D.Sprite.Editor", "Unity.2D.Sprite.Editor.csproj", "{5BE6D57D-5BD3-051A-1EC4-02A7E2EBEB65}"
EndProject
Project("{FAE04EC0-301F-11D3-BF4B-00C04F79EFBC}") = "Unity.Multiplayer.Center.Common", "Unity.Multiplayer.Center.Common.csproj", "{6434BFF9-DFD7-70E3-A72F-FBCD5B48FE25}"
EndProject
Project("{FAE04EC0-301F-11D3-BF4B-00C04F79EFBC}") = "Assembly-CSharp", "Assembly-CSharp.csproj", "{F77ECE77-BA28-4DEC-5582-5C6672574143}"
EndProject
Project("{FAE04EC0-301F-11D3-BF4B-00C04F79EFBC}") = "Unity.InputSystem.ForUI", "Unity.InputSystem.ForUI.csproj", "{34039802-6885-C90F-B029-BE36A9D95025}"
EndProject
Project("{FAE04EC0-301F-11D3-BF4B-00C04F79EFBC}") = "Unity.Collections.CodeGen", "Unity.Collections.CodeGen.csproj", "{30CE31EB-A4D3-DB52-6617-1599B09E7BD1}"
EndProject
Project("{FAE04EC0-301F-11D3-BF4B-00C04F79EFBC}") = "Unity.2D.Tilemap.Extras", "Unity.2D.Tilemap.Extras.csproj", "{D340E1B3-9765-B80E-8A0C-A3676B6EA71F}"
EndProject
Project("{FAE04EC0-301F-11D3-BF4B-00C04F79EFBC}") = "Unity.2D.Animation.Runtime", "Unity.2D.Animation.Runtime.csproj", "{D102BD5B-F3C1-552A-A00C-87FFBAFFF668}"
EndProject
Project("{FAE04EC0-301F-11D3-BF4B-00C04F79EFBC}") = "Unity.Mathematics.Editor", "Unity.Mathematics.Editor.csproj", "{02F60F8F-37D6-FB27-39C2-112A352D5751}"
EndProject
Project("{FAE04EC0-301F-11D3-BF4B-00C04F79EFBC}") = "Unity.VisualScripting.SettingsProvider.Editor", "Unity.VisualScripting.SettingsProvider.Editor.csproj", "{69EA6E8B-3B11-2F28-F92A-44CF3DD57553}"
EndProject
Project("{FAE04EC0-301F-11D3-BF4B-00C04F79EFBC}") = "Unity.InputSystem.TestFramework", "Unity.InputSystem.TestFramework.csproj", "{822BB1E8-83B5-EA4F-1F5B-328BE9C75DD2}"
EndProject
Project("{FAE04EC0-301F-11D3-BF4B-00C04F79EFBC}") = "Unity.CollabProxy.Editor", "Unity.CollabProxy.Editor.csproj", "{3650411E-8465-918A-5CFC-32B6BEEAA27C}"
EndProject
Project("{FAE04EC0-301F-11D3-BF4B-00C04F79EFBC}") = "Unity.ShaderGraph.Utilities", "Unity.ShaderGraph.Utilities.csproj", "{5073CC14-181A-8E3D-4C46-E59B9929266C}"
EndProject
Project("{FAE04EC0-301F-11D3-BF4B-00C04F79EFBC}") = "Unity.VisualScripting.Shared.Editor", "Unity.VisualScripting.Shared.Editor.csproj", "{063369E8-9147-3FA1-6020-9B4539DCE71D}"
EndProject
Project("{FAE04EC0-301F-11D3-BF4B-00C04F79EFBC}") = "Unity.RenderPipeline.Universal.ShaderLibrary", "Unity.RenderPipeline.Universal.ShaderLibrary.csproj", "{EE574059-AE8F-D34B-A0BA-C2A1A9F5EC9B}"
EndProject
Project("{FAE04EC0-301F-11D3-BF4B-00C04F79EFBC}") = "Unity.2D.Common.Runtime", "Unity.2D.Common.Runtime.csproj", "{9DA5F8DF-F252-1208-BA33-CA064741A6EA}"
EndProject
Project("{FAE04EC0-301F-11D3-BF4B-00C04F79EFBC}") = "Unity.Rendering.LightTransport.Editor", "Unity.Rendering.LightTransport.Editor.csproj", "{EBE2A4FB-615E-1B69-ED71-E2D0821B5758}"
EndProject
Project("{FAE04EC0-301F-11D3-BF4B-00C04F79EFBC}") = "Unity.InputSystem.DocCodeSamples", "Unity.InputSystem.DocCodeSamples.csproj", "{EF5F1763-DAC7-7D5D-22BA-93E58BEE53E6}"
EndProject
Project("{FAE04EC0-301F-11D3-BF4B-00C04F79EFBC}") = "Unity.RenderPipelines.Universal.Shaders", "Unity.RenderPipelines.Universal.Shaders.csproj", "{3F22B4C5-E0C2-153D-B418-BFDD9A8FBDF7}"
EndProject
Project("{FAE04EC0-301F-11D3-BF4B-00C04F79EFBC}") = "Unity.RenderPipelines.Core.Runtime.Shared", "Unity.RenderPipelines.Core.Runtime.Shared.csproj", "{086DBAF4-E106-9E56-0BB2-C10E0D5F5F2D}"
EndProject
Project("{FAE04EC0-301F-11D3-BF4B-00C04F79EFBC}") = "ScriptablePacker", "ScriptablePacker.csproj", "{7D12F935-947A-74A3-3E39-511A90FB757C}"
EndProject
Project("{FAE04EC0-301F-11D3-BF4B-00C04F79EFBC}") = "Unity.2D.Sprite.AIIntegration.Editor", "Unity.2D.Sprite.AIIntegration.Editor.csproj", "{D4C4EB5F-A1A2-3285-A6CF-83B99A1854BA}"
EndProject
Project("{FAE04EC0-301F-11D3-BF4B-00C04F79EFBC}") = "Unity.PlasticSCM.Editor.Entities", "Unity.PlasticSCM.Editor.Entities.csproj", "{FE4AF8F2-D04F-7F18-9D3B-9C7DD7E1F49B}"
EndProject
Project("{FAE04EC0-301F-11D3-BF4B-00C04F79EFBC}") = "Unity.Collections.Editor", "Unity.Collections.Editor.csproj", "{092EDB65-3144-4523-93CA-7F7EE6647809}"
EndProject
Project("{FAE04EC0-301F-11D3-BF4B-00C04F79EFBC}") = "Unity.RenderPipelines.Universal.Config.Runtime", "Unity.RenderPipelines.Universal.Config.Runtime.csproj", "{4239A441-FACC-34D0-E7E9-AEF889612C4D}"
EndProject
Project("{FAE04EC0-301F-11D3-BF4B-00C04F79EFBC}") = "Unity.RenderPipelines.ShaderGraph.ShaderGraphLibrary", "Unity.RenderPipelines.ShaderGraph.ShaderGraphLibrary.csproj", "{2AB55002-533B-CDE0-0783-2EDEB20DF454}"
EndProject
Project("{FAE04EC0-301F-11D3-BF4B-00C04F79EFBC}") = "Unity.RenderPipelines.Core.ShaderLibrary", "Unity.RenderPipelines.Core.ShaderLibrary.csproj", "{2D7D0577-02BF-7228-4B4C-FE0B0AD7AD1F}"
EndProject
Project("{FAE04EC0-301F-11D3-BF4B-00C04F79EFBC}") = "Unity.RenderPipelines.Core.Editor.Shared", "Unity.RenderPipelines.Core.Editor.Shared.csproj", "{40C50643-E7D7-D76A-AFCD-E3D4E98B605D}"
EndProject
Project("{FAE04EC0-301F-11D3-BF4B-00C04F79EFBC}") = "Unity.Timeline", "Unity.Timeline.Player.csproj", "{B7DBBD80-7AC7-0419-E045-C9CBE2CC6D54}"
EndProject
Project("{FAE04EC0-301F-11D3-BF4B-00C04F79EFBC}") = "Unity.RenderPipelines.GPUDriven.Runtime", "Unity.RenderPipelines.GPUDriven.Runtime.Player.csproj", "{126C5D95-6256-9BF3-9FCA-DD5F57B294EA}"
EndProject
Project("{FAE04EC0-301F-11D3-BF4B-00C04F79EFBC}") = "Unity.RenderPipelines.Core.Runtime", "Unity.RenderPipelines.Core.Runtime.Player.csproj", "{CEBD4114-DAF9-9951-07A9-6486E5DF4425}"
EndProject
Project("{FAE04EC0-301F-11D3-BF4B-00C04F79EFBC}") = "Unity.Mathematics", "Unity.Mathematics.Player.csproj", "{0F97FC8E-1B63-E7B6-16D7-C65EC1B3CD2A}"
EndProject
Project("{FAE04EC0-301F-11D3-BF4B-00C04F79EFBC}") = "UnityEngine.UI", "UnityEngine.UI.Player.csproj", "{4DE4562A-1856-ED03-123A-604AF0C113BD}"
EndProject
Project("{FAE04EC0-301F-11D3-BF4B-00C04F79EFBC}") = "Unity.2D.IK.Runtime", "Unity.2D.IK.Runtime.Player.csproj", "{1BF08F9E-510B-E968-CE93-E657F41C227C}"
EndProject
Project("{FAE04EC0-301F-11D3-BF4B-00C04F79EFBC}") = "Unity.RenderPipelines.Universal.2D.Runtime", "Unity.RenderPipelines.Universal.2D.Runtime.Player.csproj", "{D354BFCB-5D13-9F27-3C0D-18F066D95913}"
EndProject
Project("{FAE04EC0-301F-11D3-BF4B-00C04F79EFBC}") = "Unity.Collections", "Unity.Collections.Player.csproj", "{54A5CA7E-232C-C97E-F73F-0E9F53EC6C28}"
EndProject
Project("{FAE04EC0-301F-11D3-BF4B-00C04F79EFBC}") = "UnityEngine.TestRunner", "UnityEngine.TestRunner.Player.csproj", "{A3C67185-5086-A9F1-5261-E45A77D5FBC2}"
EndProject
Project("{FAE04EC0-301F-11D3-BF4B-00C04F79EFBC}") = "Unity.Burst", "Unity.Burst.Player.csproj", "{F8895D8A-C626-7722-D4F3-0A9590C8A5AE}"
EndProject
Project("{FAE04EC0-301F-11D3-BF4B-00C04F79EFBC}") = "Unity.InputSystem", "Unity.InputSystem.Player.csproj", "{E0F90806-CBAE-4888-E274-C5CAA7EA02F1}"
EndProject
Project("{FAE04EC0-301F-11D3-BF4B-00C04F79EFBC}") = "Unity.2D.SpriteShape.Runtime", "Unity.2D.SpriteShape.Runtime.Player.csproj", "{C40E6D09-FC18-758C-36EB-1805052829C9}"
EndProject
Project("{FAE04EC0-301F-11D3-BF4B-00C04F79EFBC}") = "Unity.VisualScripting.Core", "Unity.VisualScripting.Core.Player.csproj", "{794744F0-E026-6953-5B03-A808EF503EA1}"
EndProject
Project("{FAE04EC0-301F-11D3-BF4B-00C04F79EFBC}") = "Unity.RenderPipelines.Universal.Runtime", "Unity.RenderPipelines.Universal.Runtime.Player.csproj", "{77078E18-C6E8-4CCA-7B42-5932B264F9AB}"
EndProject
Project("{FAE04EC0-301F-11D3-BF4B-00C04F79EFBC}") = "Unity.VisualScripting.Flow", "Unity.VisualScripting.Flow.Player.csproj", "{28C8F831-F357-CE6A-F978-BD452FD4D371}"
EndProject
Project("{FAE04EC0-301F-11D3-BF4B-00C04F79EFBC}") = "Unity.PerformanceTesting", "Unity.PerformanceTesting.Player.csproj", "{50634E34-3223-BC87-E8BC-8DAF9CC0CB44}"
EndProject
Project("{FAE04EC0-301F-11D3-BF4B-00C04F79EFBC}") = "Unity.TextMeshPro", "Unity.TextMeshPro.Player.csproj", "{8AE2CAD8-189D-EE85-E2A4-03744467D166}"
EndProject
Project("{FAE04EC0-301F-11D3-BF4B-00C04F79EFBC}") = "Unity.Rendering.LightTransport.Runtime", "Unity.Rendering.LightTransport.Runtime.Player.csproj", "{756E23A6-C20D-83BB-1823-5BA9D86EACF1}"
EndProject
Project("{FAE04EC0-301F-11D3-BF4B-00C04F79EFBC}") = "Unity.InternalAPIEngineBridge.001", "Unity.InternalAPIEngineBridge.001.Player.csproj", "{C430ADAD-0742-2216-1633-91AF0CB8C66A}"
EndProject
Project("{FAE04EC0-301F-11D3-BF4B-00C04F79EFBC}") = "Unity.VisualScripting.State", "Unity.VisualScripting.State.Player.csproj", "{CC1157E0-117B-3665-CEC5-0164F9273371}"
EndProject
Project("{FAE04EC0-301F-11D3-BF4B-00C04F79EFBC}") = "Unity.Multiplayer.Center.Common", "Unity.Multiplayer.Center.Common.Player.csproj", "{794C2555-A3AD-EEFB-F270-AB9D06CEFA2B}"
EndProject
Project("{FAE04EC0-301F-11D3-BF4B-00C04F79EFBC}") = "Assembly-CSharp.Player", "Assembly-CSharp.Player.csproj", "{FF9253AC-EF7D-684F-EB60-9016C16C6949}"
EndProject
Project("{FAE04EC0-301F-11D3-BF4B-00C04F79EFBC}") = "Unity.InputSystem.ForUI", "Unity.InputSystem.ForUI.Player.csproj", "{39B57FE6-5442-E0E4-7569-852E79E3344B}"
EndProject
Project("{FAE04EC0-301F-11D3-BF4B-00C04F79EFBC}") = "Unity.2D.Tilemap.Extras", "Unity.2D.Tilemap.Extras.Player.csproj", "{7F6600F2-9F7F-A8A9-6A6E-C9EAA11B4DBF}"
EndProject
Project("{FAE04EC0-301F-11D3-BF4B-00C04F79EFBC}") = "Unity.2D.Animation.Runtime", "Unity.2D.Animation.Runtime.Player.csproj", "{10B8548C-909C-7E48-0BB9-CD8098A44A83}"
EndProject
Project("{FAE04EC0-301F-11D3-BF4B-00C04F79EFBC}") = "Unity.InputSystem.TestFramework", "Unity.InputSystem.TestFramework.Player.csproj", "{6877A95C-FE01-C334-6DF6-98E1ED0F35D5}"
EndProject
Project("{FAE04EC0-301F-11D3-BF4B-00C04F79EFBC}") = "Unity.RenderPipeline.Universal.ShaderLibrary", "Unity.RenderPipeline.Universal.ShaderLibrary.Player.csproj", "{13A229CB-4536-5ED8-9749-76C2851331A3}"
EndProject
Project("{FAE04EC0-301F-11D3-BF4B-00C04F79EFBC}") = "Unity.2D.Common.Runtime", "Unity.2D.Common.Runtime.Player.csproj", "{05C54B70-4652-1A05-8534-4D393A137EB9}"
EndProject
Project("{FAE04EC0-301F-11D3-BF4B-00C04F79EFBC}") = "Unity.RenderPipelines.Universal.Shaders", "Unity.RenderPipelines.Universal.Shaders.Player.csproj", "{EE823AD1-CBA4-EF73-081D-FFE194490583}"
EndProject
Project("{FAE04EC0-301F-11D3-BF4B-00C04F79EFBC}") = "Unity.RenderPipelines.Core.Runtime.Shared", "Unity.RenderPipelines.Core.Runtime.Shared.Player.csproj", "{FCBCD859-EECE-DF45-E84D-A6E833C48707}"
EndProject
Project("{FAE04EC0-301F-11D3-BF4B-00C04F79EFBC}") = "Unity.RenderPipelines.Universal.Config.Runtime", "Unity.RenderPipelines.Universal.Config.Runtime.Player.csproj", "{5E718A6D-F9F7-602A-8607-E823E1DFC034}"
EndProject
Project("{FAE04EC0-301F-11D3-BF4B-00C04F79EFBC}") = "Unity.RenderPipelines.ShaderGraph.ShaderGraphLibrary", "Unity.RenderPipelines.ShaderGraph.ShaderGraphLibrary.Player.csproj", "{53A12E27-45B6-0B24-7F1B-C5635A2D25AA}"
EndProject
Project("{FAE04EC0-301F-11D3-BF4B-00C04F79EFBC}") = "Unity.RenderPipelines.Core.ShaderLibrary", "Unity.RenderPipelines.Core.ShaderLibrary.Player.csproj", "{9D56E1C4-C67A-65B3-6DE9-BD2CE64B1EC7}"
EndProject
Global
	GlobalSection(SolutionConfigurationPlatforms) = preSolution
		Debug|Any CPU = Debug|Any CPU
		Release|Any CPU = Release|Any CPU
	EndGlobalSection
	GlobalSection(ProjectConfigurationPlatforms) = postSolution
		{8BDA89B8-47CE-51CC-606F-7E2FD33932E9}.Debug|Any CPU.ActiveCfg = Debug|Any CPU
		{8BDA89B8-47CE-51CC-606F-7E2FD33932E9}.Debug|Any CPU.Build.0 = Debug|Any CPU
		{8BDA89B8-47CE-51CC-606F-7E2FD33932E9}.Release|Any CPU.ActiveCfg = Release|Any CPU
		{8BDA89B8-47CE-51CC-606F-7E2FD33932E9}.Release|Any CPU.Build.0 = Release|Any CPU
		{76385FBA-81CE-04A2-A65C-36179D656315}.Debug|Any CPU.ActiveCfg = Debug|Any CPU
		{76385FBA-81CE-04A2-A65C-36179D656315}.Debug|Any CPU.Build.0 = Debug|Any CPU
		{76385FBA-81CE-04A2-A65C-36179D656315}.Release|Any CPU.ActiveCfg = Release|Any CPU
		{76385FBA-81CE-04A2-A65C-36179D656315}.Release|Any CPU.Build.0 = Release|Any CPU
		{A311F2D9-9779-C9CF-E488-3343019FCECA}.Debug|Any CPU.ActiveCfg = Debug|Any CPU
		{A311F2D9-9779-C9CF-E488-3343019FCECA}.Debug|Any CPU.Build.0 = Debug|Any CPU
		{A311F2D9-9779-C9CF-E488-3343019FCECA}.Release|Any CPU.ActiveCfg = Release|Any CPU
		{A311F2D9-9779-C9CF-E488-3343019FCECA}.Release|Any CPU.Build.0 = Release|Any CPU
		{48114C28-A983-DDD2-BA19-8133010B683D}.Debug|Any CPU.ActiveCfg = Debug|Any CPU
		{48114C28-A983-DDD2-BA19-8133010B683D}.Debug|Any CPU.Build.0 = Debug|Any CPU
		{48114C28-A983-DDD2-BA19-8133010B683D}.Release|Any CPU.ActiveCfg = Release|Any CPU
		{48114C28-A983-DDD2-BA19-8133010B683D}.Release|Any CPU.Build.0 = Release|Any CPU
		{BC1011C2-E0D5-5FF2-AA02-A868F44703A7}.Debug|Any CPU.ActiveCfg = Debug|Any CPU
		{BC1011C2-E0D5-5FF2-AA02-A868F44703A7}.Debug|Any CPU.Build.0 = Debug|Any CPU
		{BC1011C2-E0D5-5FF2-AA02-A868F44703A7}.Release|Any CPU.ActiveCfg = Release|Any CPU
		{BC1011C2-E0D5-5FF2-AA02-A868F44703A7}.Release|Any CPU.Build.0 = Release|Any CPU
		{35122BC6-238F-9BB3-BA3B-AEDDC92935C2}.Debug|Any CPU.ActiveCfg = Debug|Any CPU
		{35122BC6-238F-9BB3-BA3B-AEDDC92935C2}.Debug|Any CPU.Build.0 = Debug|Any CPU
		{35122BC6-238F-9BB3-BA3B-AEDDC92935C2}.Release|Any CPU.ActiveCfg = Release|Any CPU
		{35122BC6-238F-9BB3-BA3B-AEDDC92935C2}.Release|Any CPU.Build.0 = Release|Any CPU
		{4BB8ECE9-B24B-70B2-7EC3-C6689A1515FF}.Debug|Any CPU.ActiveCfg = Debug|Any CPU
		{4BB8ECE9-B24B-70B2-7EC3-C6689A1515FF}.Debug|Any CPU.Build.0 = Debug|Any CPU
		{4BB8ECE9-B24B-70B2-7EC3-C6689A1515FF}.Release|Any CPU.ActiveCfg = Release|Any CPU
		{4BB8ECE9-B24B-70B2-7EC3-C6689A1515FF}.Release|Any CPU.Build.0 = Release|Any CPU
		{673AD625-D68E-848C-7D56-B51E0A85DB0A}.Debug|Any CPU.ActiveCfg = Debug|Any CPU
		{673AD625-D68E-848C-7D56-B51E0A85DB0A}.Debug|Any CPU.Build.0 = Debug|Any CPU
		{673AD625-D68E-848C-7D56-B51E0A85DB0A}.Release|Any CPU.ActiveCfg = Release|Any CPU
		{673AD625-D68E-848C-7D56-B51E0A85DB0A}.Release|Any CPU.Build.0 = Release|Any CPU
		{11ABF60B-584C-3753-9897-6D0207018149}.Debug|Any CPU.ActiveCfg = Debug|Any CPU
		{11ABF60B-584C-3753-9897-6D0207018149}.Debug|Any CPU.Build.0 = Debug|Any CPU
		{11ABF60B-584C-3753-9897-6D0207018149}.Release|Any CPU.ActiveCfg = Release|Any CPU
		{11ABF60B-584C-3753-9897-6D0207018149}.Release|Any CPU.Build.0 = Release|Any CPU
		{962B93D9-F702-CC34-6F11-2CC1374753A0}.Debug|Any CPU.ActiveCfg = Debug|Any CPU
		{962B93D9-F702-CC34-6F11-2CC1374753A0}.Debug|Any CPU.Build.0 = Debug|Any CPU
		{962B93D9-F702-CC34-6F11-2CC1374753A0}.Release|Any CPU.ActiveCfg = Release|Any CPU
		{962B93D9-F702-CC34-6F11-2CC1374753A0}.Release|Any CPU.Build.0 = Release|Any CPU
		{E51DD8AA-E09F-2BB0-972B-FDA653211DE3}.Debug|Any CPU.ActiveCfg = Debug|Any CPU
		{E51DD8AA-E09F-2BB0-972B-FDA653211DE3}.Debug|Any CPU.Build.0 = Debug|Any CPU
		{E51DD8AA-E09F-2BB0-972B-FDA653211DE3}.Release|Any CPU.ActiveCfg = Release|Any CPU
		{E51DD8AA-E09F-2BB0-972B-FDA653211DE3}.Release|Any CPU.Build.0 = Release|Any CPU
		{9750AF81-4DFC-00E6-76B6-51BC13A22D80}.Debug|Any CPU.ActiveCfg = Debug|Any CPU
		{9750AF81-4DFC-00E6-76B6-51BC13A22D80}.Debug|Any CPU.Build.0 = Debug|Any CPU
		{9750AF81-4DFC-00E6-76B6-51BC13A22D80}.Release|Any CPU.ActiveCfg = Release|Any CPU
		{9750AF81-4DFC-00E6-76B6-51BC13A22D80}.Release|Any CPU.Build.0 = Release|Any CPU
		{36089B95-4F2E-F71F-5614-972786651605}.Debug|Any CPU.ActiveCfg = Debug|Any CPU
		{36089B95-4F2E-F71F-5614-972786651605}.Debug|Any CPU.Build.0 = Debug|Any CPU
		{36089B95-4F2E-F71F-5614-972786651605}.Release|Any CPU.ActiveCfg = Release|Any CPU
		{36089B95-4F2E-F71F-5614-972786651605}.Release|Any CPU.Build.0 = Release|Any CPU
		{DF3CFF5D-0E26-1A44-E8AE-73C4CECFB3FD}.Debug|Any CPU.ActiveCfg = Debug|Any CPU
		{DF3CFF5D-0E26-1A44-E8AE-73C4CECFB3FD}.Debug|Any CPU.Build.0 = Debug|Any CPU
		{DF3CFF5D-0E26-1A44-E8AE-73C4CECFB3FD}.Release|Any CPU.ActiveCfg = Release|Any CPU
		{DF3CFF5D-0E26-1A44-E8AE-73C4CECFB3FD}.Release|Any CPU.Build.0 = Release|Any CPU
		{50FB50BB-DBA9-BE4F-938D-3EC417EFA755}.Debug|Any CPU.ActiveCfg = Debug|Any CPU
		{50FB50BB-DBA9-BE4F-938D-3EC417EFA755}.Debug|Any CPU.Build.0 = Debug|Any CPU
		{50FB50BB-DBA9-BE4F-938D-3EC417EFA755}.Release|Any CPU.ActiveCfg = Release|Any CPU
		{50FB50BB-DBA9-BE4F-938D-3EC417EFA755}.Release|Any CPU.Build.0 = Release|Any CPU
		{7FB800CB-B46B-28B0-C06B-8569524D9121}.Debug|Any CPU.ActiveCfg = Debug|Any CPU
		{7FB800CB-B46B-28B0-C06B-8569524D9121}.Debug|Any CPU.Build.0 = Debug|Any CPU
		{7FB800CB-B46B-28B0-C06B-8569524D9121}.Release|Any CPU.ActiveCfg = Release|Any CPU
		{7FB800CB-B46B-28B0-C06B-8569524D9121}.Release|Any CPU.Build.0 = Release|Any CPU
		{ED1AC6F7-CBEC-97D0-3027-6B8CF0763AAC}.Debug|Any CPU.ActiveCfg = Debug|Any CPU
		{ED1AC6F7-CBEC-97D0-3027-6B8CF0763AAC}.Debug|Any CPU.Build.0 = Debug|Any CPU
		{ED1AC6F7-CBEC-97D0-3027-6B8CF0763AAC}.Release|Any CPU.ActiveCfg = Release|Any CPU
		{ED1AC6F7-CBEC-97D0-3027-6B8CF0763AAC}.Release|Any CPU.Build.0 = Release|Any CPU
		{ECE52C1F-6F86-2CB3-70C4-EB93572D1E38}.Debug|Any CPU.ActiveCfg = Debug|Any CPU
		{ECE52C1F-6F86-2CB3-70C4-EB93572D1E38}.Debug|Any CPU.Build.0 = Debug|Any CPU
		{ECE52C1F-6F86-2CB3-70C4-EB93572D1E38}.Release|Any CPU.ActiveCfg = Release|Any CPU
		{ECE52C1F-6F86-2CB3-70C4-EB93572D1E38}.Release|Any CPU.Build.0 = Release|Any CPU
		{F153774F-68D2-5AC2-17E9-1FE05B08579C}.Debug|Any CPU.ActiveCfg = Debug|Any CPU
		{F153774F-68D2-5AC2-17E9-1FE05B08579C}.Debug|Any CPU.Build.0 = Debug|Any CPU
		{F153774F-68D2-5AC2-17E9-1FE05B08579C}.Release|Any CPU.ActiveCfg = Release|Any CPU
		{F153774F-68D2-5AC2-17E9-1FE05B08579C}.Release|Any CPU.Build.0 = Release|Any CPU
		{0B81B066-DD68-6D83-4653-A7B905E0E131}.Debug|Any CPU.ActiveCfg = Debug|Any CPU
		{0B81B066-DD68-6D83-4653-A7B905E0E131}.Debug|Any CPU.Build.0 = Debug|Any CPU
		{0B81B066-DD68-6D83-4653-A7B905E0E131}.Release|Any CPU.ActiveCfg = Release|Any CPU
		{0B81B066-DD68-6D83-4653-A7B905E0E131}.Release|Any CPU.Build.0 = Release|Any CPU
		{D4802278-47DC-509B-A3C8-B003D6CD1747}.Debug|Any CPU.ActiveCfg = Debug|Any CPU
		{D4802278-47DC-509B-A3C8-B003D6CD1747}.Debug|Any CPU.Build.0 = Debug|Any CPU
		{D4802278-47DC-509B-A3C8-B003D6CD1747}.Release|Any CPU.ActiveCfg = Release|Any CPU
		{D4802278-47DC-509B-A3C8-B003D6CD1747}.Release|Any CPU.Build.0 = Release|Any CPU
		{BCC7F405-258A-1E7B-8893-AA5F5E0345D6}.Debug|Any CPU.ActiveCfg = Debug|Any CPU
		{BCC7F405-258A-1E7B-8893-AA5F5E0345D6}.Debug|Any CPU.Build.0 = Debug|Any CPU
		{BCC7F405-258A-1E7B-8893-AA5F5E0345D6}.Release|Any CPU.ActiveCfg = Release|Any CPU
		{BCC7F405-258A-1E7B-8893-AA5F5E0345D6}.Release|Any CPU.Build.0 = Release|Any CPU
		{91381858-FE41-3CB2-7AB0-33C5288778E0}.Debug|Any CPU.ActiveCfg = Debug|Any CPU
		{91381858-FE41-3CB2-7AB0-33C5288778E0}.Debug|Any CPU.Build.0 = Debug|Any CPU
		{91381858-FE41-3CB2-7AB0-33C5288778E0}.Release|Any CPU.ActiveCfg = Release|Any CPU
		{91381858-FE41-3CB2-7AB0-33C5288778E0}.Release|Any CPU.Build.0 = Release|Any CPU
		{038FB087-F008-8ADA-FB36-97AE05D8D778}.Debug|Any CPU.ActiveCfg = Debug|Any CPU
		{038FB087-F008-8ADA-FB36-97AE05D8D778}.Debug|Any CPU.Build.0 = Debug|Any CPU
		{038FB087-F008-8ADA-FB36-97AE05D8D778}.Release|Any CPU.ActiveCfg = Release|Any CPU
		{038FB087-F008-8ADA-FB36-97AE05D8D778}.Release|Any CPU.Build.0 = Release|Any CPU
		{99920B32-5E83-1F12-74C9-6413F3BD806E}.Debug|Any CPU.ActiveCfg = Debug|Any CPU
		{99920B32-5E83-1F12-74C9-6413F3BD806E}.Debug|Any CPU.Build.0 = Debug|Any CPU
		{99920B32-5E83-1F12-74C9-6413F3BD806E}.Release|Any CPU.ActiveCfg = Release|Any CPU
		{99920B32-5E83-1F12-74C9-6413F3BD806E}.Release|Any CPU.Build.0 = Release|Any CPU
		{3BD1088B-2319-0407-147D-98EE7F7E93A7}.Debug|Any CPU.ActiveCfg = Debug|Any CPU
		{3BD1088B-2319-0407-147D-98EE7F7E93A7}.Debug|Any CPU.Build.0 = Debug|Any CPU
		{3BD1088B-2319-0407-147D-98EE7F7E93A7}.Release|Any CPU.ActiveCfg = Release|Any CPU
		{3BD1088B-2319-0407-147D-98EE7F7E93A7}.Release|Any CPU.Build.0 = Release|Any CPU
		{DA224E78-A20D-3BCB-00AD-504EBE29C0A7}.Debug|Any CPU.ActiveCfg = Debug|Any CPU
		{DA224E78-A20D-3BCB-00AD-504EBE29C0A7}.Debug|Any CPU.Build.0 = Debug|Any CPU
		{DA224E78-A20D-3BCB-00AD-504EBE29C0A7}.Release|Any CPU.ActiveCfg = Release|Any CPU
		{DA224E78-A20D-3BCB-00AD-504EBE29C0A7}.Release|Any CPU.Build.0 = Release|Any CPU
		{341FCA1E-75A4-1A5D-147B-6639C8A9277C}.Debug|Any CPU.ActiveCfg = Debug|Any CPU
		{341FCA1E-75A4-1A5D-147B-6639C8A9277C}.Debug|Any CPU.Build.0 = Debug|Any CPU
		{341FCA1E-75A4-1A5D-147B-6639C8A9277C}.Release|Any CPU.ActiveCfg = Release|Any CPU
		{341FCA1E-75A4-1A5D-147B-6639C8A9277C}.Release|Any CPU.Build.0 = Release|Any CPU
		{7366F5C4-3024-8A11-9136-D8BA964B4C64}.Debug|Any CPU.ActiveCfg = Debug|Any CPU
		{7366F5C4-3024-8A11-9136-D8BA964B4C64}.Debug|Any CPU.Build.0 = Debug|Any CPU
		{7366F5C4-3024-8A11-9136-D8BA964B4C64}.Release|Any CPU.ActiveCfg = Release|Any CPU
		{7366F5C4-3024-8A11-9136-D8BA964B4C64}.Release|Any CPU.Build.0 = Release|Any CPU
		{4FF33E3C-D195-FA67-B66D-74A29E174409}.Debug|Any CPU.ActiveCfg = Debug|Any CPU
		{4FF33E3C-D195-FA67-B66D-74A29E174409}.Debug|Any CPU.Build.0 = Debug|Any CPU
		{4FF33E3C-D195-FA67-B66D-74A29E174409}.Release|Any CPU.ActiveCfg = Release|Any CPU
		{4FF33E3C-D195-FA67-B66D-74A29E174409}.Release|Any CPU.Build.0 = Release|Any CPU
		{DD9D1DC9-40D9-477A-88CB-32BC29A3E2EA}.Debug|Any CPU.ActiveCfg = Debug|Any CPU
		{DD9D1DC9-40D9-477A-88CB-32BC29A3E2EA}.Debug|Any CPU.Build.0 = Debug|Any CPU
		{DD9D1DC9-40D9-477A-88CB-32BC29A3E2EA}.Release|Any CPU.ActiveCfg = Release|Any CPU
		{DD9D1DC9-40D9-477A-88CB-32BC29A3E2EA}.Release|Any CPU.Build.0 = Release|Any CPU
		{7A5159C4-CB98-2A01-E117-3FE80F627CA6}.Debug|Any CPU.ActiveCfg = Debug|Any CPU
		{7A5159C4-CB98-2A01-E117-3FE80F627CA6}.Debug|Any CPU.Build.0 = Debug|Any CPU
		{7A5159C4-CB98-2A01-E117-3FE80F627CA6}.Release|Any CPU.ActiveCfg = Release|Any CPU
		{7A5159C4-CB98-2A01-E117-3FE80F627CA6}.Release|Any CPU.Build.0 = Release|Any CPU
		{1C7DA2CB-8BD3-7734-28C6-2B9592B47D58}.Debug|Any CPU.ActiveCfg = Debug|Any CPU
		{1C7DA2CB-8BD3-7734-28C6-2B9592B47D58}.Debug|Any CPU.Build.0 = Debug|Any CPU
		{1C7DA2CB-8BD3-7734-28C6-2B9592B47D58}.Release|Any CPU.ActiveCfg = Release|Any CPU
		{1C7DA2CB-8BD3-7734-28C6-2B9592B47D58}.Release|Any CPU.Build.0 = Release|Any CPU
		{E359C497-37DB-10AD-3AF7-AD46FE9EF318}.Debug|Any CPU.ActiveCfg = Debug|Any CPU
		{E359C497-37DB-10AD-3AF7-AD46FE9EF318}.Debug|Any CPU.Build.0 = Debug|Any CPU
		{E359C497-37DB-10AD-3AF7-AD46FE9EF318}.Release|Any CPU.ActiveCfg = Release|Any CPU
		{E359C497-37DB-10AD-3AF7-AD46FE9EF318}.Release|Any CPU.Build.0 = Release|Any CPU
		{0407D1F0-3826-3700-F9DE-100465E06180}.Debug|Any CPU.ActiveCfg = Debug|Any CPU
		{0407D1F0-3826-3700-F9DE-100465E06180}.Debug|Any CPU.Build.0 = Debug|Any CPU
		{0407D1F0-3826-3700-F9DE-100465E06180}.Release|Any CPU.ActiveCfg = Release|Any CPU
		{0407D1F0-3826-3700-F9DE-100465E06180}.Release|Any CPU.Build.0 = Release|Any CPU
		{094CF764-D814-173B-E634-A812A5383844}.Debug|Any CPU.ActiveCfg = Debug|Any CPU
		{094CF764-D814-173B-E634-A812A5383844}.Debug|Any CPU.Build.0 = Debug|Any CPU
		{094CF764-D814-173B-E634-A812A5383844}.Release|Any CPU.ActiveCfg = Release|Any CPU
		{094CF764-D814-173B-E634-A812A5383844}.Release|Any CPU.Build.0 = Release|Any CPU
		{3D92E9B9-9272-EA38-7663-A6EE45B80C98}.Debug|Any CPU.ActiveCfg = Debug|Any CPU
		{3D92E9B9-9272-EA38-7663-A6EE45B80C98}.Debug|Any CPU.Build.0 = Debug|Any CPU
		{3D92E9B9-9272-EA38-7663-A6EE45B80C98}.Release|Any CPU.ActiveCfg = Release|Any CPU
		{3D92E9B9-9272-EA38-7663-A6EE45B80C98}.Release|Any CPU.Build.0 = Release|Any CPU
		{70D9CFEB-5BB8-DE80-BCD0-43087E80F1B0}.Debug|Any CPU.ActiveCfg = Debug|Any CPU
		{70D9CFEB-5BB8-DE80-BCD0-43087E80F1B0}.Debug|Any CPU.Build.0 = Debug|Any CPU
		{70D9CFEB-5BB8-DE80-BCD0-43087E80F1B0}.Release|Any CPU.ActiveCfg = Release|Any CPU
		{70D9CFEB-5BB8-DE80-BCD0-43087E80F1B0}.Release|Any CPU.Build.0 = Release|Any CPU
		{25F932AC-7997-2504-999A-97F629647D66}.Debug|Any CPU.ActiveCfg = Debug|Any CPU
		{25F932AC-7997-2504-999A-97F629647D66}.Debug|Any CPU.Build.0 = Debug|Any CPU
		{25F932AC-7997-2504-999A-97F629647D66}.Release|Any CPU.ActiveCfg = Release|Any CPU
		{25F932AC-7997-2504-999A-97F629647D66}.Release|Any CPU.Build.0 = Release|Any CPU
		{57E87165-A9A6-674C-8F28-ABD76F034AB8}.Debug|Any CPU.ActiveCfg = Debug|Any CPU
		{57E87165-A9A6-674C-8F28-ABD76F034AB8}.Debug|Any CPU.Build.0 = Debug|Any CPU
		{57E87165-A9A6-674C-8F28-ABD76F034AB8}.Release|Any CPU.ActiveCfg = Release|Any CPU
		{57E87165-A9A6-674C-8F28-ABD76F034AB8}.Release|Any CPU.Build.0 = Release|Any CPU
		{B3DAABED-3197-D012-9F37-250C2F0BFF73}.Debug|Any CPU.ActiveCfg = Debug|Any CPU
		{B3DAABED-3197-D012-9F37-250C2F0BFF73}.Debug|Any CPU.Build.0 = Debug|Any CPU
		{B3DAABED-3197-D012-9F37-250C2F0BFF73}.Release|Any CPU.ActiveCfg = Release|Any CPU
		{B3DAABED-3197-D012-9F37-250C2F0BFF73}.Release|Any CPU.Build.0 = Release|Any CPU
		{134FDD45-88D7-772D-0485-E0C855394FCF}.Debug|Any CPU.ActiveCfg = Debug|Any CPU
		{134FDD45-88D7-772D-0485-E0C855394FCF}.Debug|Any CPU.Build.0 = Debug|Any CPU
		{134FDD45-88D7-772D-0485-E0C855394FCF}.Release|Any CPU.ActiveCfg = Release|Any CPU
		{134FDD45-88D7-772D-0485-E0C855394FCF}.Release|Any CPU.Build.0 = Release|Any CPU
		{D94D425F-FCE8-ACDC-98D7-5C0E7276D45E}.Debug|Any CPU.ActiveCfg = Debug|Any CPU
		{D94D425F-FCE8-ACDC-98D7-5C0E7276D45E}.Debug|Any CPU.Build.0 = Debug|Any CPU
		{D94D425F-FCE8-ACDC-98D7-5C0E7276D45E}.Release|Any CPU.ActiveCfg = Release|Any CPU
		{D94D425F-FCE8-ACDC-98D7-5C0E7276D45E}.Release|Any CPU.Build.0 = Release|Any CPU
		{8A658E92-E5C1-AFCC-C9F8-E4D30DA1BD74}.Debug|Any CPU.ActiveCfg = Debug|Any CPU
		{8A658E92-E5C1-AFCC-C9F8-E4D30DA1BD74}.Debug|Any CPU.Build.0 = Debug|Any CPU
		{8A658E92-E5C1-AFCC-C9F8-E4D30DA1BD74}.Release|Any CPU.ActiveCfg = Release|Any CPU
		{8A658E92-E5C1-AFCC-C9F8-E4D30DA1BD74}.Release|Any CPU.Build.0 = Release|Any CPU
		{F222FCD0-5A79-FF38-EB5E-D92C45CEF095}.Debug|Any CPU.ActiveCfg = Debug|Any CPU
		{F222FCD0-5A79-FF38-EB5E-D92C45CEF095}.Debug|Any CPU.Build.0 = Debug|Any CPU
		{F222FCD0-5A79-FF38-EB5E-D92C45CEF095}.Release|Any CPU.ActiveCfg = Release|Any CPU
		{F222FCD0-5A79-FF38-EB5E-D92C45CEF095}.Release|Any CPU.Build.0 = Release|Any CPU
		{917C503A-90BA-24C2-DAB3-8E1C5E7F4C55}.Debug|Any CPU.ActiveCfg = Debug|Any CPU
		{917C503A-90BA-24C2-DAB3-8E1C5E7F4C55}.Debug|Any CPU.Build.0 = Debug|Any CPU
		{917C503A-90BA-24C2-DAB3-8E1C5E7F4C55}.Release|Any CPU.ActiveCfg = Release|Any CPU
		{917C503A-90BA-24C2-DAB3-8E1C5E7F4C55}.Release|Any CPU.Build.0 = Release|Any CPU
		{63C2A291-9ECD-3822-BDF3-1F75D6793686}.Debug|Any CPU.ActiveCfg = Debug|Any CPU
		{63C2A291-9ECD-3822-BDF3-1F75D6793686}.Debug|Any CPU.Build.0 = Debug|Any CPU
		{63C2A291-9ECD-3822-BDF3-1F75D6793686}.Release|Any CPU.ActiveCfg = Release|Any CPU
		{63C2A291-9ECD-3822-BDF3-1F75D6793686}.Release|Any CPU.Build.0 = Release|Any CPU
		{3570ECEF-0E5D-8DD2-F84D-51608326CD55}.Debug|Any CPU.ActiveCfg = Debug|Any CPU
		{3570ECEF-0E5D-8DD2-F84D-51608326CD55}.Debug|Any CPU.Build.0 = Debug|Any CPU
		{3570ECEF-0E5D-8DD2-F84D-51608326CD55}.Release|Any CPU.ActiveCfg = Release|Any CPU
		{3570ECEF-0E5D-8DD2-F84D-51608326CD55}.Release|Any CPU.Build.0 = Release|Any CPU
		{4C4D49A6-3D06-C382-7F94-05D5B626E7CF}.Debug|Any CPU.ActiveCfg = Debug|Any CPU
		{4C4D49A6-3D06-C382-7F94-05D5B626E7CF}.Debug|Any CPU.Build.0 = Debug|Any CPU
		{4C4D49A6-3D06-C382-7F94-05D5B626E7CF}.Release|Any CPU.ActiveCfg = Release|Any CPU
		{4C4D49A6-3D06-C382-7F94-05D5B626E7CF}.Release|Any CPU.Build.0 = Release|Any CPU
		{7F40B5A0-9292-708A-60FD-739A7E822729}.Debug|Any CPU.ActiveCfg = Debug|Any CPU
		{7F40B5A0-9292-708A-60FD-739A7E822729}.Debug|Any CPU.Build.0 = Debug|Any CPU
		{7F40B5A0-9292-708A-60FD-739A7E822729}.Release|Any CPU.ActiveCfg = Release|Any CPU
		{7F40B5A0-9292-708A-60FD-739A7E822729}.Release|Any CPU.Build.0 = Release|Any CPU
		{E5A825DF-2076-BA2B-FD0A-0521E6EA6C1F}.Debug|Any CPU.ActiveCfg = Debug|Any CPU
		{E5A825DF-2076-BA2B-FD0A-0521E6EA6C1F}.Debug|Any CPU.Build.0 = Debug|Any CPU
		{E5A825DF-2076-BA2B-FD0A-0521E6EA6C1F}.Release|Any CPU.ActiveCfg = Release|Any CPU
		{E5A825DF-2076-BA2B-FD0A-0521E6EA6C1F}.Release|Any CPU.Build.0 = Release|Any CPU
		{5BE6D57D-5BD3-051A-1EC4-02A7E2EBEB65}.Debug|Any CPU.ActiveCfg = Debug|Any CPU
		{5BE6D57D-5BD3-051A-1EC4-02A7E2EBEB65}.Debug|Any CPU.Build.0 = Debug|Any CPU
		{5BE6D57D-5BD3-051A-1EC4-02A7E2EBEB65}.Release|Any CPU.ActiveCfg = Release|Any CPU
		{5BE6D57D-5BD3-051A-1EC4-02A7E2EBEB65}.Release|Any CPU.Build.0 = Release|Any CPU
		{6434BFF9-DFD7-70E3-A72F-FBCD5B48FE25}.Debug|Any CPU.ActiveCfg = Debug|Any CPU
		{6434BFF9-DFD7-70E3-A72F-FBCD5B48FE25}.Debug|Any CPU.Build.0 = Debug|Any CPU
		{6434BFF9-DFD7-70E3-A72F-FBCD5B48FE25}.Release|Any CPU.ActiveCfg = Release|Any CPU
		{6434BFF9-DFD7-70E3-A72F-FBCD5B48FE25}.Release|Any CPU.Build.0 = Release|Any CPU
		{F77ECE77-BA28-4DEC-5582-5C6672574143}.Debug|Any CPU.ActiveCfg = Debug|Any CPU
		{F77ECE77-BA28-4DEC-5582-5C6672574143}.Debug|Any CPU.Build.0 = Debug|Any CPU
		{F77ECE77-BA28-4DEC-5582-5C6672574143}.Release|Any CPU.ActiveCfg = Release|Any CPU
		{F77ECE77-BA28-4DEC-5582-5C6672574143}.Release|Any CPU.Build.0 = Release|Any CPU
		{34039802-6885-C90F-B029-BE36A9D95025}.Debug|Any CPU.ActiveCfg = Debug|Any CPU
		{34039802-6885-C90F-B029-BE36A9D95025}.Debug|Any CPU.Build.0 = Debug|Any CPU
		{34039802-6885-C90F-B029-BE36A9D95025}.Release|Any CPU.ActiveCfg = Release|Any CPU
		{34039802-6885-C90F-B029-BE36A9D95025}.Release|Any CPU.Build.0 = Release|Any CPU
		{30CE31EB-A4D3-DB52-6617-1599B09E7BD1}.Debug|Any CPU.ActiveCfg = Debug|Any CPU
		{30CE31EB-A4D3-DB52-6617-1599B09E7BD1}.Debug|Any CPU.Build.0 = Debug|Any CPU
		{30CE31EB-A4D3-DB52-6617-1599B09E7BD1}.Release|Any CPU.ActiveCfg = Release|Any CPU
		{30CE31EB-A4D3-DB52-6617-1599B09E7BD1}.Release|Any CPU.Build.0 = Release|Any CPU
		{D340E1B3-9765-B80E-8A0C-A3676B6EA71F}.Debug|Any CPU.ActiveCfg = Debug|Any CPU
		{D340E1B3-9765-B80E-8A0C-A3676B6EA71F}.Debug|Any CPU.Build.0 = Debug|Any CPU
		{D340E1B3-9765-B80E-8A0C-A3676B6EA71F}.Release|Any CPU.ActiveCfg = Release|Any CPU
		{D340E1B3-9765-B80E-8A0C-A3676B6EA71F}.Release|Any CPU.Build.0 = Release|Any CPU
		{D102BD5B-F3C1-552A-A00C-87FFBAFFF668}.Debug|Any CPU.ActiveCfg = Debug|Any CPU
		{D102BD5B-F3C1-552A-A00C-87FFBAFFF668}.Debug|Any CPU.Build.0 = Debug|Any CPU
		{D102BD5B-F3C1-552A-A00C-87FFBAFFF668}.Release|Any CPU.ActiveCfg = Release|Any CPU
		{D102BD5B-F3C1-552A-A00C-87FFBAFFF668}.Release|Any CPU.Build.0 = Release|Any CPU
		{02F60F8F-37D6-FB27-39C2-112A352D5751}.Debug|Any CPU.ActiveCfg = Debug|Any CPU
		{02F60F8F-37D6-FB27-39C2-112A352D5751}.Debug|Any CPU.Build.0 = Debug|Any CPU
		{02F60F8F-37D6-FB27-39C2-112A352D5751}.Release|Any CPU.ActiveCfg = Release|Any CPU
		{02F60F8F-37D6-FB27-39C2-112A352D5751}.Release|Any CPU.Build.0 = Release|Any CPU
		{69EA6E8B-3B11-2F28-F92A-44CF3DD57553}.Debug|Any CPU.ActiveCfg = Debug|Any CPU
		{69EA6E8B-3B11-2F28-F92A-44CF3DD57553}.Debug|Any CPU.Build.0 = Debug|Any CPU
		{69EA6E8B-3B11-2F28-F92A-44CF3DD57553}.Release|Any CPU.ActiveCfg = Release|Any CPU
		{69EA6E8B-3B11-2F28-F92A-44CF3DD57553}.Release|Any CPU.Build.0 = Release|Any CPU
		{822BB1E8-83B5-EA4F-1F5B-328BE9C75DD2}.Debug|Any CPU.ActiveCfg = Debug|Any CPU
		{822BB1E8-83B5-EA4F-1F5B-328BE9C75DD2}.Debug|Any CPU.Build.0 = Debug|Any CPU
		{822BB1E8-83B5-EA4F-1F5B-328BE9C75DD2}.Release|Any CPU.ActiveCfg = Release|Any CPU
		{822BB1E8-83B5-EA4F-1F5B-328BE9C75DD2}.Release|Any CPU.Build.0 = Release|Any CPU
		{3650411E-8465-918A-5CFC-32B6BEEAA27C}.Debug|Any CPU.ActiveCfg = Debug|Any CPU
		{3650411E-8465-918A-5CFC-32B6BEEAA27C}.Debug|Any CPU.Build.0 = Debug|Any CPU
		{3650411E-8465-918A-5CFC-32B6BEEAA27C}.Release|Any CPU.ActiveCfg = Release|Any CPU
		{3650411E-8465-918A-5CFC-32B6BEEAA27C}.Release|Any CPU.Build.0 = Release|Any CPU
		{5073CC14-181A-8E3D-4C46-E59B9929266C}.Debug|Any CPU.ActiveCfg = Debug|Any CPU
		{5073CC14-181A-8E3D-4C46-E59B9929266C}.Debug|Any CPU.Build.0 = Debug|Any CPU
		{5073CC14-181A-8E3D-4C46-E59B9929266C}.Release|Any CPU.ActiveCfg = Release|Any CPU
		{5073CC14-181A-8E3D-4C46-E59B9929266C}.Release|Any CPU.Build.0 = Release|Any CPU
		{063369E8-9147-3FA1-6020-9B4539DCE71D}.Debug|Any CPU.ActiveCfg = Debug|Any CPU
		{063369E8-9147-3FA1-6020-9B4539DCE71D}.Debug|Any CPU.Build.0 = Debug|Any CPU
		{063369E8-9147-3FA1-6020-9B4539DCE71D}.Release|Any CPU.ActiveCfg = Release|Any CPU
		{063369E8-9147-3FA1-6020-9B4539DCE71D}.Release|Any CPU.Build.0 = Release|Any CPU
		{EE574059-AE8F-D34B-A0BA-C2A1A9F5EC9B}.Debug|Any CPU.ActiveCfg = Debug|Any CPU
		{EE574059-AE8F-D34B-A0BA-C2A1A9F5EC9B}.Debug|Any CPU.Build.0 = Debug|Any CPU
		{EE574059-AE8F-D34B-A0BA-C2A1A9F5EC9B}.Release|Any CPU.ActiveCfg = Release|Any CPU
		{EE574059-AE8F-D34B-A0BA-C2A1A9F5EC9B}.Release|Any CPU.Build.0 = Release|Any CPU
		{9DA5F8DF-F252-1208-BA33-CA064741A6EA}.Debug|Any CPU.ActiveCfg = Debug|Any CPU
		{9DA5F8DF-F252-1208-BA33-CA064741A6EA}.Debug|Any CPU.Build.0 = Debug|Any CPU
		{9DA5F8DF-F252-1208-BA33-CA064741A6EA}.Release|Any CPU.ActiveCfg = Release|Any CPU
		{9DA5F8DF-F252-1208-BA33-CA064741A6EA}.Release|Any CPU.Build.0 = Release|Any CPU
		{EBE2A4FB-615E-1B69-ED71-E2D0821B5758}.Debug|Any CPU.ActiveCfg = Debug|Any CPU
		{EBE2A4FB-615E-1B69-ED71-E2D0821B5758}.Debug|Any CPU.Build.0 = Debug|Any CPU
		{EBE2A4FB-615E-1B69-ED71-E2D0821B5758}.Release|Any CPU.ActiveCfg = Release|Any CPU
		{EBE2A4FB-615E-1B69-ED71-E2D0821B5758}.Release|Any CPU.Build.0 = Release|Any CPU
		{EF5F1763-DAC7-7D5D-22BA-93E58BEE53E6}.Debug|Any CPU.ActiveCfg = Debug|Any CPU
		{EF5F1763-DAC7-7D5D-22BA-93E58BEE53E6}.Debug|Any CPU.Build.0 = Debug|Any CPU
		{EF5F1763-DAC7-7D5D-22BA-93E58BEE53E6}.Release|Any CPU.ActiveCfg = Release|Any CPU
		{EF5F1763-DAC7-7D5D-22BA-93E58BEE53E6}.Release|Any CPU.Build.0 = Release|Any CPU
		{3F22B4C5-E0C2-153D-B418-BFDD9A8FBDF7}.Debug|Any CPU.ActiveCfg = Debug|Any CPU
		{3F22B4C5-E0C2-153D-B418-BFDD9A8FBDF7}.Debug|Any CPU.Build.0 = Debug|Any CPU
		{3F22B4C5-E0C2-153D-B418-BFDD9A8FBDF7}.Release|Any CPU.ActiveCfg = Release|Any CPU
		{3F22B4C5-E0C2-153D-B418-BFDD9A8FBDF7}.Release|Any CPU.Build.0 = Release|Any CPU
		{086DBAF4-E106-9E56-0BB2-C10E0D5F5F2D}.Debug|Any CPU.ActiveCfg = Debug|Any CPU
		{086DBAF4-E106-9E56-0BB2-C10E0D5F5F2D}.Debug|Any CPU.Build.0 = Debug|Any CPU
		{086DBAF4-E106-9E56-0BB2-C10E0D5F5F2D}.Release|Any CPU.ActiveCfg = Release|Any CPU
		{086DBAF4-E106-9E56-0BB2-C10E0D5F5F2D}.Release|Any CPU.Build.0 = Release|Any CPU
		{7D12F935-947A-74A3-3E39-511A90FB757C}.Debug|Any CPU.ActiveCfg = Debug|Any CPU
		{7D12F935-947A-74A3-3E39-511A90FB757C}.Debug|Any CPU.Build.0 = Debug|Any CPU
		{7D12F935-947A-74A3-3E39-511A90FB757C}.Release|Any CPU.ActiveCfg = Release|Any CPU
		{7D12F935-947A-74A3-3E39-511A90FB757C}.Release|Any CPU.Build.0 = Release|Any CPU
		{D4C4EB5F-A1A2-3285-A6CF-83B99A1854BA}.Debug|Any CPU.ActiveCfg = Debug|Any CPU
		{D4C4EB5F-A1A2-3285-A6CF-83B99A1854BA}.Debug|Any CPU.Build.0 = Debug|Any CPU
		{D4C4EB5F-A1A2-3285-A6CF-83B99A1854BA}.Release|Any CPU.ActiveCfg = Release|Any CPU
		{D4C4EB5F-A1A2-3285-A6CF-83B99A1854BA}.Release|Any CPU.Build.0 = Release|Any CPU
		{FE4AF8F2-D04F-7F18-9D3B-9C7DD7E1F49B}.Debug|Any CPU.ActiveCfg = Debug|Any CPU
		{FE4AF8F2-D04F-7F18-9D3B-9C7DD7E1F49B}.Debug|Any CPU.Build.0 = Debug|Any CPU
		{FE4AF8F2-D04F-7F18-9D3B-9C7DD7E1F49B}.Release|Any CPU.ActiveCfg = Release|Any CPU
		{FE4AF8F2-D04F-7F18-9D3B-9C7DD7E1F49B}.Release|Any CPU.Build.0 = Release|Any CPU
		{092EDB65-3144-4523-93CA-7F7EE6647809}.Debug|Any CPU.ActiveCfg = Debug|Any CPU
		{092EDB65-3144-4523-93CA-7F7EE6647809}.Debug|Any CPU.Build.0 = Debug|Any CPU
		{092EDB65-3144-4523-93CA-7F7EE6647809}.Release|Any CPU.ActiveCfg = Release|Any CPU
		{092EDB65-3144-4523-93CA-7F7EE6647809}.Release|Any CPU.Build.0 = Release|Any CPU
		{4239A441-FACC-34D0-E7E9-AEF889612C4D}.Debug|Any CPU.ActiveCfg = Debug|Any CPU
		{4239A441-FACC-34D0-E7E9-AEF889612C4D}.Debug|Any CPU.Build.0 = Debug|Any CPU
		{4239A441-FACC-34D0-E7E9-AEF889612C4D}.Release|Any CPU.ActiveCfg = Release|Any CPU
		{4239A441-FACC-34D0-E7E9-AEF889612C4D}.Release|Any CPU.Build.0 = Release|Any CPU
		{2AB55002-533B-CDE0-0783-2EDEB20DF454}.Debug|Any CPU.ActiveCfg = Debug|Any CPU
		{2AB55002-533B-CDE0-0783-2EDEB20DF454}.Debug|Any CPU.Build.0 = Debug|Any CPU
		{2AB55002-533B-CDE0-0783-2EDEB20DF454}.Release|Any CPU.ActiveCfg = Release|Any CPU
		{2AB55002-533B-CDE0-0783-2EDEB20DF454}.Release|Any CPU.Build.0 = Release|Any CPU
		{2D7D0577-02BF-7228-4B4C-FE0B0AD7AD1F}.Debug|Any CPU.ActiveCfg = Debug|Any CPU
		{2D7D0577-02BF-7228-4B4C-FE0B0AD7AD1F}.Debug|Any CPU.Build.0 = Debug|Any CPU
		{2D7D0577-02BF-7228-4B4C-FE0B0AD7AD1F}.Release|Any CPU.ActiveCfg = Release|Any CPU
		{2D7D0577-02BF-7228-4B4C-FE0B0AD7AD1F}.Release|Any CPU.Build.0 = Release|Any CPU
		{40C50643-E7D7-D76A-AFCD-E3D4E98B605D}.Debug|Any CPU.ActiveCfg = Debug|Any CPU
		{40C50643-E7D7-D76A-AFCD-E3D4E98B605D}.Debug|Any CPU.Build.0 = Debug|Any CPU
		{40C50643-E7D7-D76A-AFCD-E3D4E98B605D}.Release|Any CPU.ActiveCfg = Release|Any CPU
		{40C50643-E7D7-D76A-AFCD-E3D4E98B605D}.Release|Any CPU.Build.0 = Release|Any CPU
		{B7DBBD80-7AC7-0419-E045-C9CBE2CC6D54}.Debug|Any CPU.ActiveCfg = Debug|Any CPU
		{B7DBBD80-7AC7-0419-E045-C9CBE2CC6D54}.Debug|Any CPU.Build.0 = Debug|Any CPU
		{B7DBBD80-7AC7-0419-E045-C9CBE2CC6D54}.Release|Any CPU.ActiveCfg = Release|Any CPU
		{B7DBBD80-7AC7-0419-E045-C9CBE2CC6D54}.Release|Any CPU.Build.0 = Release|Any CPU
		{126C5D95-6256-9BF3-9FCA-DD5F57B294EA}.Debug|Any CPU.ActiveCfg = Debug|Any CPU
		{126C5D95-6256-9BF3-9FCA-DD5F57B294EA}.Debug|Any CPU.Build.0 = Debug|Any CPU
		{126C5D95-6256-9BF3-9FCA-DD5F57B294EA}.Release|Any CPU.ActiveCfg = Release|Any CPU
		{126C5D95-6256-9BF3-9FCA-DD5F57B294EA}.Release|Any CPU.Build.0 = Release|Any CPU
		{CEBD4114-DAF9-9951-07A9-6486E5DF4425}.Debug|Any CPU.ActiveCfg = Debug|Any CPU
		{CEBD4114-DAF9-9951-07A9-6486E5DF4425}.Debug|Any CPU.Build.0 = Debug|Any CPU
		{CEBD4114-DAF9-9951-07A9-6486E5DF4425}.Release|Any CPU.ActiveCfg = Release|Any CPU
		{CEBD4114-DAF9-9951-07A9-6486E5DF4425}.Release|Any CPU.Build.0 = Release|Any CPU
		{0F97FC8E-1B63-E7B6-16D7-C65EC1B3CD2A}.Debug|Any CPU.ActiveCfg = Debug|Any CPU
		{0F97FC8E-1B63-E7B6-16D7-C65EC1B3CD2A}.Debug|Any CPU.Build.0 = Debug|Any CPU
		{0F97FC8E-1B63-E7B6-16D7-C65EC1B3CD2A}.Release|Any CPU.ActiveCfg = Release|Any CPU
		{0F97FC8E-1B63-E7B6-16D7-C65EC1B3CD2A}.Release|Any CPU.Build.0 = Release|Any CPU
		{4DE4562A-1856-ED03-123A-604AF0C113BD}.Debug|Any CPU.ActiveCfg = Debug|Any CPU
		{4DE4562A-1856-ED03-123A-604AF0C113BD}.Debug|Any CPU.Build.0 = Debug|Any CPU
		{4DE4562A-1856-ED03-123A-604AF0C113BD}.Release|Any CPU.ActiveCfg = Release|Any CPU
		{4DE4562A-1856-ED03-123A-604AF0C113BD}.Release|Any CPU.Build.0 = Release|Any CPU
		{1BF08F9E-510B-E968-CE93-E657F41C227C}.Debug|Any CPU.ActiveCfg = Debug|Any CPU
		{1BF08F9E-510B-E968-CE93-E657F41C227C}.Debug|Any CPU.Build.0 = Debug|Any CPU
		{1BF08F9E-510B-E968-CE93-E657F41C227C}.Release|Any CPU.ActiveCfg = Release|Any CPU
		{1BF08F9E-510B-E968-CE93-E657F41C227C}.Release|Any CPU.Build.0 = Release|Any CPU
		{D354BFCB-5D13-9F27-3C0D-18F066D95913}.Debug|Any CPU.ActiveCfg = Debug|Any CPU
		{D354BFCB-5D13-9F27-3C0D-18F066D95913}.Debug|Any CPU.Build.0 = Debug|Any CPU
		{D354BFCB-5D13-9F27-3C0D-18F066D95913}.Release|Any CPU.ActiveCfg = Release|Any CPU
		{D354BFCB-5D13-9F27-3C0D-18F066D95913}.Release|Any CPU.Build.0 = Release|Any CPU
		{54A5CA7E-232C-C97E-F73F-0E9F53EC6C28}.Debug|Any CPU.ActiveCfg = Debug|Any CPU
		{54A5CA7E-232C-C97E-F73F-0E9F53EC6C28}.Debug|Any CPU.Build.0 = Debug|Any CPU
		{54A5CA7E-232C-C97E-F73F-0E9F53EC6C28}.Release|Any CPU.ActiveCfg = Release|Any CPU
		{54A5CA7E-232C-C97E-F73F-0E9F53EC6C28}.Release|Any CPU.Build.0 = Release|Any CPU
		{A3C67185-5086-A9F1-5261-E45A77D5FBC2}.Debug|Any CPU.ActiveCfg = Debug|Any CPU
		{A3C67185-5086-A9F1-5261-E45A77D5FBC2}.Debug|Any CPU.Build.0 = Debug|Any CPU
		{A3C67185-5086-A9F1-5261-E45A77D5FBC2}.Release|Any CPU.ActiveCfg = Release|Any CPU
		{A3C67185-5086-A9F1-5261-E45A77D5FBC2}.Release|Any CPU.Build.0 = Release|Any CPU
		{F8895D8A-C626-7722-D4F3-0A9590C8A5AE}.Debug|Any CPU.ActiveCfg = Debug|Any CPU
		{F8895D8A-C626-7722-D4F3-0A9590C8A5AE}.Debug|Any CPU.Build.0 = Debug|Any CPU
		{F8895D8A-C626-7722-D4F3-0A9590C8A5AE}.Release|Any CPU.ActiveCfg = Release|Any CPU
		{F8895D8A-C626-7722-D4F3-0A9590C8A5AE}.Release|Any CPU.Build.0 = Release|Any CPU
		{E0F90806-CBAE-4888-E274-C5CAA7EA02F1}.Debug|Any CPU.ActiveCfg = Debug|Any CPU
		{E0F90806-CBAE-4888-E274-C5CAA7EA02F1}.Debug|Any CPU.Build.0 = Debug|Any CPU
		{E0F90806-CBAE-4888-E274-C5CAA7EA02F1}.Release|Any CPU.ActiveCfg = Release|Any CPU
		{E0F90806-CBAE-4888-E274-C5CAA7EA02F1}.Release|Any CPU.Build.0 = Release|Any CPU
		{C40E6D09-FC18-758C-36EB-1805052829C9}.Debug|Any CPU.ActiveCfg = Debug|Any CPU
		{C40E6D09-FC18-758C-36EB-1805052829C9}.Debug|Any CPU.Build.0 = Debug|Any CPU
		{C40E6D09-FC18-758C-36EB-1805052829C9}.Release|Any CPU.ActiveCfg = Release|Any CPU
		{C40E6D09-FC18-758C-36EB-1805052829C9}.Release|Any CPU.Build.0 = Release|Any CPU
		{794744F0-E026-6953-5B03-A808EF503EA1}.Debug|Any CPU.ActiveCfg = Debug|Any CPU
		{794744F0-E026-6953-5B03-A808EF503EA1}.Debug|Any CPU.Build.0 = Debug|Any CPU
		{794744F0-E026-6953-5B03-A808EF503EA1}.Release|Any CPU.ActiveCfg = Release|Any CPU
		{794744F0-E026-6953-5B03-A808EF503EA1}.Release|Any CPU.Build.0 = Release|Any CPU
		{77078E18-C6E8-4CCA-7B42-5932B264F9AB}.Debug|Any CPU.ActiveCfg = Debug|Any CPU
		{77078E18-C6E8-4CCA-7B42-5932B264F9AB}.Debug|Any CPU.Build.0 = Debug|Any CPU
		{77078E18-C6E8-4CCA-7B42-5932B264F9AB}.Release|Any CPU.ActiveCfg = Release|Any CPU
		{77078E18-C6E8-4CCA-7B42-5932B264F9AB}.Release|Any CPU.Build.0 = Release|Any CPU
		{28C8F831-F357-CE6A-F978-BD452FD4D371}.Debug|Any CPU.ActiveCfg = Debug|Any CPU
		{28C8F831-F357-CE6A-F978-BD452FD4D371}.Debug|Any CPU.Build.0 = Debug|Any CPU
		{28C8F831-F357-CE6A-F978-BD452FD4D371}.Release|Any CPU.ActiveCfg = Release|Any CPU
		{28C8F831-F357-CE6A-F978-BD452FD4D371}.Release|Any CPU.Build.0 = Release|Any CPU
		{50634E34-3223-BC87-E8BC-8DAF9CC0CB44}.Debug|Any CPU.ActiveCfg = Debug|Any CPU
		{50634E34-3223-BC87-E8BC-8DAF9CC0CB44}.Debug|Any CPU.Build.0 = Debug|Any CPU
		{50634E34-3223-BC87-E8BC-8DAF9CC0CB44}.Release|Any CPU.ActiveCfg = Release|Any CPU
		{50634E34-3223-BC87-E8BC-8DAF9CC0CB44}.Release|Any CPU.Build.0 = Release|Any CPU
		{8AE2CAD8-189D-EE85-E2A4-03744467D166}.Debug|Any CPU.ActiveCfg = Debug|Any CPU
		{8AE2CAD8-189D-EE85-E2A4-03744467D166}.Debug|Any CPU.Build.0 = Debug|Any CPU
		{8AE2CAD8-189D-EE85-E2A4-03744467D166}.Release|Any CPU.ActiveCfg = Release|Any CPU
		{8AE2CAD8-189D-EE85-E2A4-03744467D166}.Release|Any CPU.Build.0 = Release|Any CPU
		{756E23A6-C20D-83BB-1823-5BA9D86EACF1}.Debug|Any CPU.ActiveCfg = Debug|Any CPU
		{756E23A6-C20D-83BB-1823-5BA9D86EACF1}.Debug|Any CPU.Build.0 = Debug|Any CPU
		{756E23A6-C20D-83BB-1823-5BA9D86EACF1}.Release|Any CPU.ActiveCfg = Release|Any CPU
		{756E23A6-C20D-83BB-1823-5BA9D86EACF1}.Release|Any CPU.Build.0 = Release|Any CPU
		{C430ADAD-0742-2216-1633-91AF0CB8C66A}.Debug|Any CPU.ActiveCfg = Debug|Any CPU
		{C430ADAD-0742-2216-1633-91AF0CB8C66A}.Debug|Any CPU.Build.0 = Debug|Any CPU
		{C430ADAD-0742-2216-1633-91AF0CB8C66A}.Release|Any CPU.ActiveCfg = Release|Any CPU
		{C430ADAD-0742-2216-1633-91AF0CB8C66A}.Release|Any CPU.Build.0 = Release|Any CPU
		{CC1157E0-117B-3665-CEC5-0164F9273371}.Debug|Any CPU.ActiveCfg = Debug|Any CPU
		{CC1157E0-117B-3665-CEC5-0164F9273371}.Debug|Any CPU.Build.0 = Debug|Any CPU
		{CC1157E0-117B-3665-CEC5-0164F9273371}.Release|Any CPU.ActiveCfg = Release|Any CPU
		{CC1157E0-117B-3665-CEC5-0164F9273371}.Release|Any CPU.Build.0 = Release|Any CPU
		{794C2555-A3AD-EEFB-F270-AB9D06CEFA2B}.Debug|Any CPU.ActiveCfg = Debug|Any CPU
		{794C2555-A3AD-EEFB-F270-AB9D06CEFA2B}.Debug|Any CPU.Build.0 = Debug|Any CPU
		{794C2555-A3AD-EEFB-F270-AB9D06CEFA2B}.Release|Any CPU.ActiveCfg = Release|Any CPU
		{794C2555-A3AD-EEFB-F270-AB9D06CEFA2B}.Release|Any CPU.Build.0 = Release|Any CPU
		{FF9253AC-EF7D-684F-EB60-9016C16C6949}.Debug|Any CPU.ActiveCfg = Debug|Any CPU
		{FF9253AC-EF7D-684F-EB60-9016C16C6949}.Debug|Any CPU.Build.0 = Debug|Any CPU
		{FF9253AC-EF7D-684F-EB60-9016C16C6949}.Release|Any CPU.ActiveCfg = Release|Any CPU
		{FF9253AC-EF7D-684F-EB60-9016C16C6949}.Release|Any CPU.Build.0 = Release|Any CPU
		{39B57FE6-5442-E0E4-7569-852E79E3344B}.Debug|Any CPU.ActiveCfg = Debug|Any CPU
		{39B57FE6-5442-E0E4-7569-852E79E3344B}.Debug|Any CPU.Build.0 = Debug|Any CPU
		{39B57FE6-5442-E0E4-7569-852E79E3344B}.Release|Any CPU.ActiveCfg = Release|Any CPU
		{39B57FE6-5442-E0E4-7569-852E79E3344B}.Release|Any CPU.Build.0 = Release|Any CPU
		{7F6600F2-9F7F-A8A9-6A6E-C9EAA11B4DBF}.Debug|Any CPU.ActiveCfg = Debug|Any CPU
		{7F6600F2-9F7F-A8A9-6A6E-C9EAA11B4DBF}.Debug|Any CPU.Build.0 = Debug|Any CPU
		{7F6600F2-9F7F-A8A9-6A6E-C9EAA11B4DBF}.Release|Any CPU.ActiveCfg = Release|Any CPU
		{7F6600F2-9F7F-A8A9-6A6E-C9EAA11B4DBF}.Release|Any CPU.Build.0 = Release|Any CPU
		{10B8548C-909C-7E48-0BB9-CD8098A44A83}.Debug|Any CPU.ActiveCfg = Debug|Any CPU
		{10B8548C-909C-7E48-0BB9-CD8098A44A83}.Debug|Any CPU.Build.0 = Debug|Any CPU
		{10B8548C-909C-7E48-0BB9-CD8098A44A83}.Release|Any CPU.ActiveCfg = Release|Any CPU
		{10B8548C-909C-7E48-0BB9-CD8098A44A83}.Release|Any CPU.Build.0 = Release|Any CPU
		{6877A95C-FE01-C334-6DF6-98E1ED0F35D5}.Debug|Any CPU.ActiveCfg = Debug|Any CPU
		{6877A95C-FE01-C334-6DF6-98E1ED0F35D5}.Debug|Any CPU.Build.0 = Debug|Any CPU
		{6877A95C-FE01-C334-6DF6-98E1ED0F35D5}.Release|Any CPU.ActiveCfg = Release|Any CPU
		{6877A95C-FE01-C334-6DF6-98E1ED0F35D5}.Release|Any CPU.Build.0 = Release|Any CPU
		{13A229CB-4536-5ED8-9749-76C2851331A3}.Debug|Any CPU.ActiveCfg = Debug|Any CPU
		{13A229CB-4536-5ED8-9749-76C2851331A3}.Debug|Any CPU.Build.0 = Debug|Any CPU
		{13A229CB-4536-5ED8-9749-76C2851331A3}.Release|Any CPU.ActiveCfg = Release|Any CPU
		{13A229CB-4536-5ED8-9749-76C2851331A3}.Release|Any CPU.Build.0 = Release|Any CPU
		{05C54B70-4652-1A05-8534-4D393A137EB9}.Debug|Any CPU.ActiveCfg = Debug|Any CPU
		{05C54B70-4652-1A05-8534-4D393A137EB9}.Debug|Any CPU.Build.0 = Debug|Any CPU
		{05C54B70-4652-1A05-8534-4D393A137EB9}.Release|Any CPU.ActiveCfg = Release|Any CPU
		{05C54B70-4652-1A05-8534-4D393A137EB9}.Release|Any CPU.Build.0 = Release|Any CPU
		{EE823AD1-CBA4-EF73-081D-FFE194490583}.Debug|Any CPU.ActiveCfg = Debug|Any CPU
		{EE823AD1-CBA4-EF73-081D-FFE194490583}.Debug|Any CPU.Build.0 = Debug|Any CPU
		{EE823AD1-CBA4-EF73-081D-FFE194490583}.Release|Any CPU.ActiveCfg = Release|Any CPU
		{EE823AD1-CBA4-EF73-081D-FFE194490583}.Release|Any CPU.Build.0 = Release|Any CPU
		{FCBCD859-EECE-DF45-E84D-A6E833C48707}.Debug|Any CPU.ActiveCfg = Debug|Any CPU
		{FCBCD859-EECE-DF45-E84D-A6E833C48707}.Debug|Any CPU.Build.0 = Debug|Any CPU
		{FCBCD859-EECE-DF45-E84D-A6E833C48707}.Release|Any CPU.ActiveCfg = Release|Any CPU
		{FCBCD859-EECE-DF45-E84D-A6E833C48707}.Release|Any CPU.Build.0 = Release|Any CPU
		{5E718A6D-F9F7-602A-8607-E823E1DFC034}.Debug|Any CPU.ActiveCfg = Debug|Any CPU
		{5E718A6D-F9F7-602A-8607-E823E1DFC034}.Debug|Any CPU.Build.0 = Debug|Any CPU
		{5E718A6D-F9F7-602A-8607-E823E1DFC034}.Release|Any CPU.ActiveCfg = Release|Any CPU
		{5E718A6D-F9F7-602A-8607-E823E1DFC034}.Release|Any CPU.Build.0 = Release|Any CPU
		{53A12E27-45B6-0B24-7F1B-C5635A2D25AA}.Debug|Any CPU.ActiveCfg = Debug|Any CPU
		{53A12E27-45B6-0B24-7F1B-C5635A2D25AA}.Debug|Any CPU.Build.0 = Debug|Any CPU
		{53A12E27-45B6-0B24-7F1B-C5635A2D25AA}.Release|Any CPU.ActiveCfg = Release|Any CPU
		{53A12E27-45B6-0B24-7F1B-C5635A2D25AA}.Release|Any CPU.Build.0 = Release|Any CPU
		{9D56E1C4-C67A-65B3-6DE9-BD2CE64B1EC7}.Debug|Any CPU.ActiveCfg = Debug|Any CPU
		{9D56E1C4-C67A-65B3-6DE9-BD2CE64B1EC7}.Debug|Any CPU.Build.0 = Debug|Any CPU
		{9D56E1C4-C67A-65B3-6DE9-BD2CE64B1EC7}.Release|Any CPU.ActiveCfg = Release|Any CPU
		{9D56E1C4-C67A-65B3-6DE9-BD2CE64B1EC7}.Release|Any CPU.Build.0 = Release|Any CPU
	EndGlobalSection
	GlobalSection(SolutionProperties) = preSolution
		HideSolutionNode = FALSE
	EndGlobalSection
EndGlobal
